
Microsoft Visual Studio Solution File, Format Version 12.00
# Visual Studio Version 17
VisualStudioVersion = 17.1.32319.34
MinimumVisualStudioVersion = 10.0.40219.1
Project("{FAE04EC0-301F-11D3-BF4B-00C04F79EFBC}") = "job1", "job1\job1.csproj", "{2268B6C7-5213-4497-A291-4EA47CEAA66A}"
EndProject
Project("{FAE04EC0-301F-11D3-BF4B-00C04F79EFBC}") = "job2", "job2\job2.csproj", "{5F1EAB52-DCB8-41B4-AA4D-5DE180B0C59A}"
EndProject
Project("{FAE04EC0-301F-11D3-BF4B-00C04F79EFBC}") = "job4", "job4\job4.csproj", "{DACA3F28-8D8D-4975-A0D0-BFCAB40F8A03}"
EndProject
Project("{FAE04EC0-301F-11D3-BF4B-00C04F79EFBC}") = "job3", "job3\job3.csproj", "{8AC4A54A-5158-4555-A89D-73AC0E576E3E}"
EndProject
Project("{FAE04EC0-301F-11D3-BF4B-00C04F79EFBC}") = "job5", "job5\job5.csproj", "{E36651E4-F1AF-434F-9BA3-9E7E8C598AD4}"
EndProject
Global
	GlobalSection(SolutionConfigurationPlatforms) = preSolution
		Debug|Any CPU = Debug|Any CPU
		Release|Any CPU = Release|Any CPU
	EndGlobalSection
	GlobalSection(ProjectConfigurationPlatforms) = postSolution
		{2268B6C7-5213-4497-A291-4EA47CEAA66A}.Debug|Any CPU.ActiveCfg = Debug|Any CPU
		{2268B6C7-5213-4497-A291-4EA47CEAA66A}.Debug|Any CPU.Build.0 = Debug|Any CPU
		{2268B6C7-5213-4497-A291-4EA47CEAA66A}.Release|Any CPU.ActiveCfg = Release|Any CPU
		{2268B6C7-5213-4497-A291-4EA47CEAA66A}.Release|Any CPU.Build.0 = Release|Any CPU
		{5F1EAB52-DCB8-41B4-AA4D-5DE180B0C59A}.Debug|Any CPU.ActiveCfg = Debug|Any CPU
		{5F1EAB52-DCB8-41B4-AA4D-5DE180B0C59A}.Debug|Any CPU.Build.0 = Debug|Any CPU
		{5F1EAB52-DCB8-41B4-AA4D-5DE180B0C59A}.Release|Any CPU.ActiveCfg = Release|Any CPU
		{5F1EAB52-DCB8-41B4-AA4D-5DE180B0C59A}.Release|Any CPU.Build.0 = Release|Any CPU
		{DACA3F28-8D8D-4975-A0D0-BFCAB40F8A03}.Debug|Any CPU.ActiveCfg = Debug|Any CPU
		{DACA3F28-8D8D-4975-A0D0-BFCAB40F8A03}.Debug|Any CPU.Build.0 = Debug|Any CPU
		{DACA3F28-8D8D-4975-A0D0-BFCAB40F8A03}.Release|Any CPU.ActiveCfg = Release|Any CPU
		{DACA3F28-8D8D-4975-A0D0-BFCAB40F8A03}.Release|Any CPU.Build.0 = Release|Any CPU
		{8AC4A54A-5158-4555-A89D-73AC0E576E3E}.Debug|Any CPU.ActiveCfg = Debug|Any CPU
		{8AC4A54A-5158-4555-A89D-73AC0E576E3E}.Debug|Any CPU.Build.0 = Debug|Any CPU
		{8AC4A54A-5158-4555-A89D-73AC0E576E3E}.Release|Any CPU.ActiveCfg = Release|Any CPU
		{8AC4A54A-5158-4555-A89D-73AC0E576E3E}.Release|Any CPU.Build.0 = Release|Any CPU
		{E36651E4-F1AF-434F-9BA3-9E7E8C598AD4}.Debug|Any CPU.ActiveCfg = Debug|Any CPU
		{E36651E4-F1AF-434F-9BA3-9E7E8C598AD4}.Debug|Any CPU.Build.0 = Debug|Any CPU
		{E36651E4-F1AF-434F-9BA3-9E7E8C598AD4}.Release|Any CPU.ActiveCfg = Release|Any CPU
		{E36651E4-F1AF-434F-9BA3-9E7E8C598AD4}.Release|Any CPU.Build.0 = Release|Any CPU
	EndGlobalSection
	GlobalSection(SolutionProperties) = preSolution
		HideSolutionNode = FALSE
	EndGlobalSection
	GlobalSection(ExtensibilityGlobals) = postSolution
		SolutionGuid = {A1713E5B-E1FD-47D8-AD7B-D9637162F901}
	EndGlobalSection
EndGlobal
