
Microsoft Visual Studio Solution File, Format Version 12.00
# Visual Studio Version 17
VisualStudioVersion = 17.1.32319.34
MinimumVisualStudioVersion = 10.0.40219.1
Project("{FAE04EC0-301F-11D3-BF4B-00C04F79EFBC}") = "job1", "job1\job1.csproj", "{3BAFCA15-8EA9-4C88-96A2-5C25582B78C8}"
EndProject
Global
	GlobalSection(SolutionConfigurationPlatforms) = preSolution
		Debug|Any CPU = Debug|Any CPU
		Release|Any CPU = Release|Any CPU
	EndGlobalSection
	GlobalSection(ProjectConfigurationPlatforms) = postSolution
		{3BAFCA15-8EA9-4C88-96A2-5C25582B78C8}.Debug|Any CPU.ActiveCfg = Debug|Any CPU
		{3BAFCA15-8EA9-4C88-96A2-5C25582B78C8}.Debug|Any CPU.Build.0 = Debug|Any CPU
		{3BAFCA15-8EA9-4C88-96A2-5C25582B78C8}.Release|Any CPU.ActiveCfg = Release|Any CPU
		{3BAFCA15-8EA9-4C88-96A2-5C25582B78C8}.Release|Any CPU.Build.0 = Release|Any CPU
	EndGlobalSection
	GlobalSection(SolutionProperties) = preSolution
		HideSolutionNode = FALSE
	EndGlobalSection
	GlobalSection(ExtensibilityGlobals) = postSolution
		SolutionGuid = {DCED3DB1-BA3E-429D-8D1D-707AA398C184}
	EndGlobalSection
EndGlobal
