
Microsoft Visual Studio Solution File, Format Version 12.00
# Visual Studio Version 17
VisualStudioVersion = 17.1.32319.34
MinimumVisualStudioVersion = 10.0.40219.1
Project("{9A19103F-16F7-4668-BE54-9A1E7A4F7556}") = "job2", "job2\job2.csproj", "{C0588087-39F0-4C97-B7ED-25DBD7D004E0}"
EndProject
Project("{9A19103F-16F7-4668-BE54-9A1E7A4F7556}") = "job1", "job1\job1.csproj", "{0158A8F2-EBFC-4D5A-B46A-71A11983F57B}"
EndProject
Project("{9A19103F-16F7-4668-BE54-9A1E7A4F7556}") = "job5", "job5\job5.csproj", "{D1F19DB7-0DE4-4916-8787-5E565A00ED07}"
EndProject
Project("{9A19103F-16F7-4668-BE54-9A1E7A4F7556}") = "job4", "job4\job4.csproj", "{B1614360-33CD-4981-8659-CCFE1FCEEFB2}"
EndProject
Project("{9A19103F-16F7-4668-BE54-9A1E7A4F7556}") = "job3", "job3\job3.csproj", "{3882BFA2-4F56-48FC-9D06-C43076A5EA0D}"
EndProject
Project("{FAE04EC0-301F-11D3-BF4B-00C04F79EFBC}") = "job6", "job6\job6.csproj", "{0FB72EEA-B3D3-46DB-A680-2A6D66F7F986}"
EndProject
Global
	GlobalSection(SolutionConfigurationPlatforms) = preSolution
		Debug|Any CPU = Debug|Any CPU
		Release|Any CPU = Release|Any CPU
	EndGlobalSection
	GlobalSection(ProjectConfigurationPlatforms) = postSolution
		{C0588087-39F0-4C97-B7ED-25DBD7D004E0}.Debug|Any CPU.ActiveCfg = Debug|Any CPU
		{C0588087-39F0-4C97-B7ED-25DBD7D004E0}.Debug|Any CPU.Build.0 = Debug|Any CPU
		{C0588087-39F0-4C97-B7ED-25DBD7D004E0}.Release|Any CPU.ActiveCfg = Release|Any CPU
		{C0588087-39F0-4C97-B7ED-25DBD7D004E0}.Release|Any CPU.Build.0 = Release|Any CPU
		{0158A8F2-EBFC-4D5A-B46A-71A11983F57B}.Debug|Any CPU.ActiveCfg = Debug|Any CPU
		{0158A8F2-EBFC-4D5A-B46A-71A11983F57B}.Debug|Any CPU.Build.0 = Debug|Any CPU
		{0158A8F2-EBFC-4D5A-B46A-71A11983F57B}.Release|Any CPU.ActiveCfg = Release|Any CPU
		{0158A8F2-EBFC-4D5A-B46A-71A11983F57B}.Release|Any CPU.Build.0 = Release|Any CPU
		{D1F19DB7-0DE4-4916-8787-5E565A00ED07}.Debug|Any CPU.ActiveCfg = Debug|Any CPU
		{D1F19DB7-0DE4-4916-8787-5E565A00ED07}.Debug|Any CPU.Build.0 = Debug|Any CPU
		{D1F19DB7-0DE4-4916-8787-5E565A00ED07}.Release|Any CPU.ActiveCfg = Release|Any CPU
		{D1F19DB7-0DE4-4916-8787-5E565A00ED07}.Release|Any CPU.Build.0 = Release|Any CPU
		{B1614360-33CD-4981-8659-CCFE1FCEEFB2}.Debug|Any CPU.ActiveCfg = Debug|Any CPU
		{B1614360-33CD-4981-8659-CCFE1FCEEFB2}.Debug|Any CPU.Build.0 = Debug|Any CPU
		{B1614360-33CD-4981-8659-CCFE1FCEEFB2}.Release|Any CPU.ActiveCfg = Release|Any CPU
		{B1614360-33CD-4981-8659-CCFE1FCEEFB2}.Release|Any CPU.Build.0 = Release|Any CPU
		{3882BFA2-4F56-48FC-9D06-C43076A5EA0D}.Debug|Any CPU.ActiveCfg = Debug|Any CPU
		{3882BFA2-4F56-48FC-9D06-C43076A5EA0D}.Debug|Any CPU.Build.0 = Debug|Any CPU
		{3882BFA2-4F56-48FC-9D06-C43076A5EA0D}.Release|Any CPU.ActiveCfg = Release|Any CPU
		{3882BFA2-4F56-48FC-9D06-C43076A5EA0D}.Release|Any CPU.Build.0 = Release|Any CPU
		{0FB72EEA-B3D3-46DB-A680-2A6D66F7F986}.Debug|Any CPU.ActiveCfg = Debug|Any CPU
		{0FB72EEA-B3D3-46DB-A680-2A6D66F7F986}.Debug|Any CPU.Build.0 = Debug|Any CPU
		{0FB72EEA-B3D3-46DB-A680-2A6D66F7F986}.Release|Any CPU.ActiveCfg = Release|Any CPU
		{0FB72EEA-B3D3-46DB-A680-2A6D66F7F986}.Release|Any CPU.Build.0 = Release|Any CPU
	EndGlobalSection
	GlobalSection(SolutionProperties) = preSolution
		HideSolutionNode = FALSE
	EndGlobalSection
	GlobalSection(ExtensibilityGlobals) = postSolution
		SolutionGuid = {846D1DB3-2421-4309-B490-5E12141BF310}
	EndGlobalSection
EndGlobal
