
Microsoft Visual Studio Solution File, Format Version 12.00
# Visual Studio Version 17
VisualStudioVersion = 17.1.32319.34
MinimumVisualStudioVersion = 10.0.40219.1
Project("{FAE04EC0-301F-11D3-BF4B-00C04F79EFBC}") = "job2net6", "job2net6\job2net6.csproj", "{198C43D5-9EB3-416A-AA45-F603DBC65080}"
EndProject
Project("{FAE04EC0-301F-11D3-BF4B-00C04F79EFBC}") = "job2", "job2\job2.csproj", "{CA630DBF-14C8-425A-B403-239A2B2503B5}"
EndProject
Project("{FAE04EC0-301F-11D3-BF4B-00C04F79EFBC}") = "job1", "test\job1.csproj", "{5E84A255-428A-443F-B38B-1DE8336773C1}"
EndProject
Global
	GlobalSection(SolutionConfigurationPlatforms) = preSolution
		Debug|Any CPU = Debug|Any CPU
		Release|Any CPU = Release|Any CPU
	EndGlobalSection
	GlobalSection(ProjectConfigurationPlatforms) = postSolution
		{198C43D5-9EB3-416A-AA45-F603DBC65080}.Debug|Any CPU.ActiveCfg = Debug|Any CPU
		{198C43D5-9EB3-416A-AA45-F603DBC65080}.Debug|Any CPU.Build.0 = Debug|Any CPU
		{198C43D5-9EB3-416A-AA45-F603DBC65080}.Release|Any CPU.ActiveCfg = Release|Any CPU
		{198C43D5-9EB3-416A-AA45-F603DBC65080}.Release|Any CPU.Build.0 = Release|Any CPU
		{CA630DBF-14C8-425A-B403-239A2B2503B5}.Debug|Any CPU.ActiveCfg = Debug|Any CPU
		{CA630DBF-14C8-425A-B403-239A2B2503B5}.Debug|Any CPU.Build.0 = Debug|Any CPU
		{CA630DBF-14C8-425A-B403-239A2B2503B5}.Release|Any CPU.ActiveCfg = Release|Any CPU
		{CA630DBF-14C8-425A-B403-239A2B2503B5}.Release|Any CPU.Build.0 = Release|Any CPU
		{5E84A255-428A-443F-B38B-1DE8336773C1}.Debug|Any CPU.ActiveCfg = Debug|Any CPU
		{5E84A255-428A-443F-B38B-1DE8336773C1}.Debug|Any CPU.Build.0 = Debug|Any CPU
		{5E84A255-428A-443F-B38B-1DE8336773C1}.Release|Any CPU.ActiveCfg = Release|Any CPU
		{5E84A255-428A-443F-B38B-1DE8336773C1}.Release|Any CPU.Build.0 = Release|Any CPU
	EndGlobalSection
	GlobalSection(SolutionProperties) = preSolution
		HideSolutionNode = FALSE
	EndGlobalSection
	GlobalSection(ExtensibilityGlobals) = postSolution
		SolutionGuid = {83741AA6-01FF-4A14-9707-CE064EB4EE43}
	EndGlobalSection
EndGlobal
