
Microsoft Visual Studio Solution File, Format Version 12.00
# Visual Studio Version 17
VisualStudioVersion = 17.1.32319.34
MinimumVisualStudioVersion = 10.0.40219.1
Project("{FAE04EC0-301F-11D3-BF4B-00C04F79EFBC}") = "job1", "job1\job1.csproj", "{4480F86F-6EDD-449C-82A7-8C98A99730F4}"
EndProject
Project("{FAE04EC0-301F-11D3-BF4B-00C04F79EFBC}") = "job2", "job2\job2.csproj", "{B731E682-97CE-4697-9A72-589547A1B213}"
EndProject
Project("{FAE04EC0-301F-11D3-BF4B-00C04F79EFBC}") = "job3", "job3\job3.csproj", "{CCF4E52D-D9B5-42F0-B864-F2335C2B04CE}"
EndProject
Global
	GlobalSection(SolutionConfigurationPlatforms) = preSolution
		Debug|Any CPU = Debug|Any CPU
		Release|Any CPU = Release|Any CPU
	EndGlobalSection
	GlobalSection(ProjectConfigurationPlatforms) = postSolution
		{4480F86F-6EDD-449C-82A7-8C98A99730F4}.Debug|Any CPU.ActiveCfg = Debug|Any CPU
		{4480F86F-6EDD-449C-82A7-8C98A99730F4}.Debug|Any CPU.Build.0 = Debug|Any CPU
		{4480F86F-6EDD-449C-82A7-8C98A99730F4}.Release|Any CPU.ActiveCfg = Release|Any CPU
		{4480F86F-6EDD-449C-82A7-8C98A99730F4}.Release|Any CPU.Build.0 = Release|Any CPU
		{B731E682-97CE-4697-9A72-589547A1B213}.Debug|Any CPU.ActiveCfg = Debug|Any CPU
		{B731E682-97CE-4697-9A72-589547A1B213}.Debug|Any CPU.Build.0 = Debug|Any CPU
		{B731E682-97CE-4697-9A72-589547A1B213}.Release|Any CPU.ActiveCfg = Release|Any CPU
		{B731E682-97CE-4697-9A72-589547A1B213}.Release|Any CPU.Build.0 = Release|Any CPU
		{CCF4E52D-D9B5-42F0-B864-F2335C2B04CE}.Debug|Any CPU.ActiveCfg = Debug|Any CPU
		{CCF4E52D-D9B5-42F0-B864-F2335C2B04CE}.Debug|Any CPU.Build.0 = Debug|Any CPU
		{CCF4E52D-D9B5-42F0-B864-F2335C2B04CE}.Release|Any CPU.ActiveCfg = Release|Any CPU
		{CCF4E52D-D9B5-42F0-B864-F2335C2B04CE}.Release|Any CPU.Build.0 = Release|Any CPU
	EndGlobalSection
	GlobalSection(SolutionProperties) = preSolution
		HideSolutionNode = FALSE
	EndGlobalSection
	GlobalSection(ExtensibilityGlobals) = postSolution
		SolutionGuid = {167F6088-931F-41D3-8635-3AE8A8A5DDD6}
	EndGlobalSection
EndGlobal
