
Microsoft Visual Studio Solution File, Format Version 12.00
# Visual Studio Version 17
VisualStudioVersion = 17.1.32319.34
MinimumVisualStudioVersion = 10.0.40219.1
Project("{9A19103F-16F7-4668-BE54-9A1E7A4F7556}") = "job3", "job3\job3.csproj", "{08B1DAA5-A502-4EAC-A22C-11EE3BF89E96}"
EndProject
Project("{9A19103F-16F7-4668-BE54-9A1E7A4F7556}") = "job4", "job4\job4.csproj", "{59287F30-15CA-426E-95B2-73CC08773361}"
EndProject
Project("{FAE04EC0-301F-11D3-BF4B-00C04F79EFBC}") = "job1", "job1\job1.csproj", "{8F7AD3E5-2C41-49EE-86E8-009F3867CF19}"
EndProject
Project("{FAE04EC0-301F-11D3-BF4B-00C04F79EFBC}") = "job2", "job2\job2.csproj", "{7AE6F33D-A955-44EF-93DE-94EFB85BCD0E}"
EndProject
Global
	GlobalSection(SolutionConfigurationPlatforms) = preSolution
		Debug|Any CPU = Debug|Any CPU
		Release|Any CPU = Release|Any CPU
	EndGlobalSection
	GlobalSection(ProjectConfigurationPlatforms) = postSolution
		{08B1DAA5-A502-4EAC-A22C-11EE3BF89E96}.Debug|Any CPU.ActiveCfg = Debug|Any CPU
		{08B1DAA5-A502-4EAC-A22C-11EE3BF89E96}.Debug|Any CPU.Build.0 = Debug|Any CPU
		{08B1DAA5-A502-4EAC-A22C-11EE3BF89E96}.Release|Any CPU.ActiveCfg = Release|Any CPU
		{08B1DAA5-A502-4EAC-A22C-11EE3BF89E96}.Release|Any CPU.Build.0 = Release|Any CPU
		{59287F30-15CA-426E-95B2-73CC08773361}.Debug|Any CPU.ActiveCfg = Debug|Any CPU
		{59287F30-15CA-426E-95B2-73CC08773361}.Debug|Any CPU.Build.0 = Debug|Any CPU
		{59287F30-15CA-426E-95B2-73CC08773361}.Release|Any CPU.ActiveCfg = Release|Any CPU
		{59287F30-15CA-426E-95B2-73CC08773361}.Release|Any CPU.Build.0 = Release|Any CPU
		{8F7AD3E5-2C41-49EE-86E8-009F3867CF19}.Debug|Any CPU.ActiveCfg = Debug|Any CPU
		{8F7AD3E5-2C41-49EE-86E8-009F3867CF19}.Debug|Any CPU.Build.0 = Debug|Any CPU
		{8F7AD3E5-2C41-49EE-86E8-009F3867CF19}.Release|Any CPU.ActiveCfg = Release|Any CPU
		{8F7AD3E5-2C41-49EE-86E8-009F3867CF19}.Release|Any CPU.Build.0 = Release|Any CPU
		{7AE6F33D-A955-44EF-93DE-94EFB85BCD0E}.Debug|Any CPU.ActiveCfg = Debug|Any CPU
		{7AE6F33D-A955-44EF-93DE-94EFB85BCD0E}.Debug|Any CPU.Build.0 = Debug|Any CPU
		{7AE6F33D-A955-44EF-93DE-94EFB85BCD0E}.Release|Any CPU.ActiveCfg = Release|Any CPU
		{7AE6F33D-A955-44EF-93DE-94EFB85BCD0E}.Release|Any CPU.Build.0 = Release|Any CPU
	EndGlobalSection
	GlobalSection(SolutionProperties) = preSolution
		HideSolutionNode = FALSE
	EndGlobalSection
	GlobalSection(ExtensibilityGlobals) = postSolution
		SolutionGuid = {979A1AA7-9B73-40D4-B66C-A1C321D639D6}
	EndGlobalSection
EndGlobal
