
Microsoft Visual Studio Solution File, Format Version 12.00
# Visual Studio Version 17
VisualStudioVersion = 17.1.32319.34
MinimumVisualStudioVersion = 10.0.40219.1
Project("{9A19103F-16F7-4668-BE54-9A1E7A4F7556}") = "job3.1", "job3.1\job3.1.csproj", "{883BE7DE-4A29-47C6-B9DB-8F68D9933A5E}"
EndProject
Project("{9A19103F-16F7-4668-BE54-9A1E7A4F7556}") = "job12.3", "job12.3\job12.3.csproj", "{9CEBE817-3EFA-4696-88E8-D84AEBA406E0}"
EndProject
Project("{9A19103F-16F7-4668-BE54-9A1E7A4F7556}") = "job16_2", "job16_2\job16_2.csproj", "{0877EDCE-830D-48CC-9587-2DED6F0473C3}"
EndProject
Global
	GlobalSection(SolutionConfigurationPlatforms) = preSolution
		Debug|Any CPU = Debug|Any CPU
		Release|Any CPU = Release|Any CPU
	EndGlobalSection
	GlobalSection(ProjectConfigurationPlatforms) = postSolution
		{883BE7DE-4A29-47C6-B9DB-8F68D9933A5E}.Debug|Any CPU.ActiveCfg = Debug|Any CPU
		{883BE7DE-4A29-47C6-B9DB-8F68D9933A5E}.Debug|Any CPU.Build.0 = Debug|Any CPU
		{883BE7DE-4A29-47C6-B9DB-8F68D9933A5E}.Release|Any CPU.ActiveCfg = Release|Any CPU
		{883BE7DE-4A29-47C6-B9DB-8F68D9933A5E}.Release|Any CPU.Build.0 = Release|Any CPU
		{9CEBE817-3EFA-4696-88E8-D84AEBA406E0}.Debug|Any CPU.ActiveCfg = Debug|Any CPU
		{9CEBE817-3EFA-4696-88E8-D84AEBA406E0}.Debug|Any CPU.Build.0 = Debug|Any CPU
		{9CEBE817-3EFA-4696-88E8-D84AEBA406E0}.Release|Any CPU.ActiveCfg = Release|Any CPU
		{9CEBE817-3EFA-4696-88E8-D84AEBA406E0}.Release|Any CPU.Build.0 = Release|Any CPU
		{0877EDCE-830D-48CC-9587-2DED6F0473C3}.Debug|Any CPU.ActiveCfg = Debug|Any CPU
		{0877EDCE-830D-48CC-9587-2DED6F0473C3}.Debug|Any CPU.Build.0 = Debug|Any CPU
		{0877EDCE-830D-48CC-9587-2DED6F0473C3}.Release|Any CPU.ActiveCfg = Release|Any CPU
		{0877EDCE-830D-48CC-9587-2DED6F0473C3}.Release|Any CPU.Build.0 = Release|Any CPU
	EndGlobalSection
	GlobalSection(SolutionProperties) = preSolution
		HideSolutionNode = FALSE
	EndGlobalSection
	GlobalSection(ExtensibilityGlobals) = postSolution
		SolutionGuid = {BBE5E92D-12B6-468C-AF18-768BFA69B268}
	EndGlobalSection
EndGlobal
