
Microsoft Visual Studio Solution File, Format Version 12.00
# Visual Studio Version 17
VisualStudioVersion = 17.1.32319.34
MinimumVisualStudioVersion = 10.0.40219.1
Project("{FAE04EC0-301F-11D3-BF4B-00C04F79EFBC}") = "job1", "job1\job1.csproj", "{1348500C-F588-4C99-B19B-1147168E9189}"
EndProject
Project("{FAE04EC0-301F-11D3-BF4B-00C04F79EFBC}") = "job2", "job2\job2.csproj", "{6DC629D2-807A-4BFD-B2F4-8A7AB60077ED}"
EndProject
Project("{FAE04EC0-301F-11D3-BF4B-00C04F79EFBC}") = "job3", "job3\job3.csproj", "{1827E067-3DDF-4942-8808-F1361445BACB}"
EndProject
Global
	GlobalSection(SolutionConfigurationPlatforms) = preSolution
		Debug|Any CPU = Debug|Any CPU
		Release|Any CPU = Release|Any CPU
	EndGlobalSection
	GlobalSection(ProjectConfigurationPlatforms) = postSolution
		{1348500C-F588-4C99-B19B-1147168E9189}.Debug|Any CPU.ActiveCfg = Debug|Any CPU
		{1348500C-F588-4C99-B19B-1147168E9189}.Debug|Any CPU.Build.0 = Debug|Any CPU
		{1348500C-F588-4C99-B19B-1147168E9189}.Release|Any CPU.ActiveCfg = Release|Any CPU
		{1348500C-F588-4C99-B19B-1147168E9189}.Release|Any CPU.Build.0 = Release|Any CPU
		{6DC629D2-807A-4BFD-B2F4-8A7AB60077ED}.Debug|Any CPU.ActiveCfg = Debug|Any CPU
		{6DC629D2-807A-4BFD-B2F4-8A7AB60077ED}.Debug|Any CPU.Build.0 = Debug|Any CPU
		{6DC629D2-807A-4BFD-B2F4-8A7AB60077ED}.Release|Any CPU.ActiveCfg = Release|Any CPU
		{6DC629D2-807A-4BFD-B2F4-8A7AB60077ED}.Release|Any CPU.Build.0 = Release|Any CPU
		{1827E067-3DDF-4942-8808-F1361445BACB}.Debug|Any CPU.ActiveCfg = Debug|Any CPU
		{1827E067-3DDF-4942-8808-F1361445BACB}.Debug|Any CPU.Build.0 = Debug|Any CPU
		{1827E067-3DDF-4942-8808-F1361445BACB}.Release|Any CPU.ActiveCfg = Release|Any CPU
		{1827E067-3DDF-4942-8808-F1361445BACB}.Release|Any CPU.Build.0 = Release|Any CPU
	EndGlobalSection
	GlobalSection(SolutionProperties) = preSolution
		HideSolutionNode = FALSE
	EndGlobalSection
	GlobalSection(ExtensibilityGlobals) = postSolution
		SolutionGuid = {35C7524F-81B8-44AA-936C-3D70DB5A0D1A}
	EndGlobalSection
EndGlobal
